
Microsoft Visual Studio Solution File, Format Version 12.00
# Visual Studio Version 17
VisualStudioVersion = 17.5.002.0
MinimumVisualStudioVersion = 10.0.40219.1
Project("{9A19103F-16F7-4668-BE54-9A1E7A4F7556}") = "finalwork", "finalwork\finalwork.csproj", "{EECCBD6B-FA68-41F0-B988-B5EC1F4C3407}"
EndProject
Global
	GlobalSection(SolutionConfigurationPlatforms) = preSolution
		Debug|Any CPU = Debug|Any CPU
		Release|Any CPU = Release|Any CPU
	EndGlobalSection
	GlobalSection(ProjectConfigurationPlatforms) = postSolution
		{EECCBD6B-FA68-41F0-B988-B5EC1F4C3407}.Debug|Any CPU.ActiveCfg = Debug|Any CPU
		{EECCBD6B-FA68-41F0-B988-B5EC1F4C3407}.Debug|Any CPU.Build.0 = Debug|Any CPU
		{EECCBD6B-FA68-41F0-B988-B5EC1F4C3407}.Release|Any CPU.ActiveCfg = Release|Any CPU
		{EECCBD6B-FA68-41F0-B988-B5EC1F4C3407}.Release|Any CPU.Build.0 = Release|Any CPU
	EndGlobalSection
	GlobalSection(SolutionProperties) = preSolution
		HideSolutionNode = FALSE
	EndGlobalSection
	GlobalSection(ExtensibilityGlobals) = postSolution
		SolutionGuid = {540A5C78-9ED7-4F04-B0B1-AD04F5D9D986}
	EndGlobalSection
EndGlobal
